
Microsoft Visual Studio Solution File, Format Version 12.00
# Visual Studio Version 17
VisualStudioVersion = 17.4.33403.182
MinimumVisualStudioVersion = 10.0.40219.1
Project("{9A19103F-16F7-4668-BE54-9A1E7A4F7556}") = "System.Data.Entity.Hooks", "src\System.Data.Entity.Hooks\System.Data.Entity.Hooks.csproj", "{431B123A-63DA-461E-BE75-CDE419261A22}"
EndProject
Project("{9A19103F-16F7-4668-BE54-9A1E7A4F7556}") = "System.Data.Entity.Hooks.Fluent", "src\System.Data.Entity.Hooks.Fluent\System.Data.Entity.Hooks.Fluent.csproj", "{FDE46A48-0358-403E-8F5F-CA085109055D}"
EndProject
Project("{2150E333-8FDC-42A3-9474-1A3956D46DE8}") = ".nuget", ".nuget", "{724EC132-2966-43FD-9D12-9B4BC6633F35}"
	ProjectSection(SolutionItems) = preProject
		.nuget\NuGet.Config = .nuget\NuGet.Config
		.nuget\NuGet.exe = .nuget\NuGet.exe
		.nuget\NuGet.targets = .nuget\NuGet.targets
	EndProjectSection
EndProject
Global
	GlobalSection(SolutionConfigurationPlatforms) = preSolution
		Debug|Any CPU = Debug|Any CPU
		Release|Any CPU = Release|Any CPU
	EndGlobalSection
	GlobalSection(ProjectConfigurationPlatforms) = postSolution
		{431B123A-63DA-461E-BE75-CDE419261A22}.Debug|Any CPU.ActiveCfg = Debug|Any CPU
		{431B123A-63DA-461E-BE75-CDE419261A22}.Debug|Any CPU.Build.0 = Debug|Any CPU
		{431B123A-63DA-461E-BE75-CDE419261A22}.Release|Any CPU.ActiveCfg = Release|Any CPU
		{431B123A-63DA-461E-BE75-CDE419261A22}.Release|Any CPU.Build.0 = Release|Any CPU
		{FDE46A48-0358-403E-8F5F-CA085109055D}.Debug|Any CPU.ActiveCfg = Debug|Any CPU
		{FDE46A48-0358-403E-8F5F-CA085109055D}.Debug|Any CPU.Build.0 = Debug|Any CPU
		{FDE46A48-0358-403E-8F5F-CA085109055D}.Release|Any CPU.ActiveCfg = Release|Any CPU
		{FDE46A48-0358-403E-8F5F-CA085109055D}.Release|Any CPU.Build.0 = Release|Any CPU
	EndGlobalSection
	GlobalSection(SolutionProperties) = preSolution
		HideSolutionNode = FALSE
	EndGlobalSection
	GlobalSection(ExtensibilityGlobals) = postSolution
		SolutionGuid = {C411BDCC-7C47-4C4D-A3E7-84E727910B0C}
	EndGlobalSection
EndGlobal
